
Microsoft Visual Studio Solution File, Format Version 11.00
# Visual Studio 2010
Project("{FAE04EC0-301F-11D3-BF4B-00C04F79EFBC}") = "IRC", "IRC\IRC.csproj", "{63F3EC14-06FC-481B-80C6-54142984A609}"
EndProject
Global
	GlobalSection(SolutionConfigurationPlatforms) = preSolution
		Debug|x86 = Debug|x86
		Release|x86 = Release|x86
	EndGlobalSection
	GlobalSection(ProjectConfigurationPlatforms) = postSolution
		{63F3EC14-06FC-481B-80C6-54142984A609}.Debug|x86.ActiveCfg = Debug|x86
		{63F3EC14-06FC-481B-80C6-54142984A609}.Debug|x86.Build.0 = Debug|x86
		{63F3EC14-06FC-481B-80C6-54142984A609}.Release|x86.ActiveCfg = Release|x86
		{63F3EC14-06FC-481B-80C6-54142984A609}.Release|x86.Build.0 = Release|x86
	EndGlobalSection
	GlobalSection(SolutionProperties) = preSolution
		HideSolutionNode = FALSE
	EndGlobalSection
EndGlobal
